
Microsoft Visual Studio Solution File, Format Version 12.00
# Visual Studio Version 17
VisualStudioVersion = 17.1.32407.343
MinimumVisualStudioVersion = 10.0.40219.1
Project("{FAE04EC0-301F-11D3-BF4B-00C04F79EFBC}") = "Library", "Library.csproj", "{EDB0055A-5A36-43DE-B914-91A41582D835}"
EndProject
Global
	GlobalSection(SolutionConfigurationPlatforms) = preSolution
		Debug|Any CPU = Debug|Any CPU
		Release|Any CPU = Release|Any CPU
	EndGlobalSection
	GlobalSection(ProjectConfigurationPlatforms) = postSolution
		{EDB0055A-5A36-43DE-B914-91A41582D835}.Debug|Any CPU.ActiveCfg = Debug|Any CPU
		{EDB0055A-5A36-43DE-B914-91A41582D835}.Debug|Any CPU.Build.0 = Debug|Any CPU
		{EDB0055A-5A36-43DE-B914-91A41582D835}.Release|Any CPU.ActiveCfg = Release|Any CPU
		{EDB0055A-5A36-43DE-B914-91A41582D835}.Release|Any CPU.Build.0 = Release|Any CPU
	EndGlobalSection
	GlobalSection(SolutionProperties) = preSolution
		HideSolutionNode = FALSE
	EndGlobalSection
	GlobalSection(ExtensibilityGlobals) = postSolution
		SolutionGuid = {2AB8D506-E85F-4D31-82B1-E4F7DD2D583F}
	EndGlobalSection
EndGlobal
